<Solution>
  <!-- Generated from eng/solutions.json by scripts/update-solutions.ps1. -->
  <Configurations>
    <BuildType Name="Debug" />
    <BuildType Name="Release" />
  </Configurations>
  <Folder Name="/Entry points/">
    <Project Path="src/Broiler.Browser.Android/Broiler.Browser.Android.csproj" />
  </Folder>
  <Folder Name="/Dependencies/Broiler.CSS/">
    <Project Path="Broiler.CSS/Broiler.CSS.Dom/Broiler.CSS.Dom.csproj" />
    <Project Path="Broiler.CSS/Broiler.CSS/Broiler.CSS.csproj" />
  </Folder>
  <Folder Name="/Dependencies/Broiler.DOM/">
    <Project Path="Broiler.DOM/Broiler.Dom.Html/Broiler.Dom.Html.csproj" />
    <Project Path="Broiler.DOM/Broiler.Dom/Broiler.Dom.csproj" />
  </Folder>
  <Folder Name="/Dependencies/Broiler.Graphics/">
    <Project Path="Broiler.Graphics/src/Broiler.Graphics/Broiler.Graphics.csproj" />
  </Folder>
  <Folder Name="/Dependencies/Broiler.HTML/">
    <Project Path="Broiler.HTML/Source/Broiler.HTML.Core/Broiler.HTML.Core.csproj" />
    <Project Path="Broiler.HTML/Source/Broiler.HTML.Dom/Broiler.HTML.Dom.csproj" />
    <Project Path="Broiler.HTML/Source/Broiler.HTML.Graphics/Broiler.HTML.Graphics.csproj" />
    <Project Path="Broiler.HTML/Source/Broiler.HTML.Image.Compat/Broiler.HTML.Image.Compat.csproj" />
    <Project Path="Broiler.HTML/Source/Broiler.HTML.Image/Broiler.HTML.Image.csproj" />
    <Project Path="Broiler.HTML/Source/Broiler.HTML.Orchestration/Broiler.HTML.Orchestration.csproj" />
  </Folder>
  <Folder Name="/Dependencies/Broiler.Input/">
    <Project Path="Broiler.Input/src/Broiler.Input.Android/Broiler.Input.Android.csproj" />
    <Project Path="Broiler.Input/src/Broiler.Input.Keyboard.Android/Broiler.Input.Keyboard.Android.csproj" />
    <Project Path="Broiler.Input/src/Broiler.Input.Keyboard/Broiler.Input.Keyboard.csproj" />
    <Project Path="Broiler.Input/src/Broiler.Input.Mouse/Broiler.Input.Mouse.csproj" />
    <Project Path="Broiler.Input/src/Broiler.Input.Pen.Android/Broiler.Input.Pen.Android.csproj" />
    <Project Path="Broiler.Input/src/Broiler.Input.Pen/Broiler.Input.Pen.csproj" />
    <Project Path="Broiler.Input/src/Broiler.Input.Text.Android/Broiler.Input.Text.Android.csproj" />
    <Project Path="Broiler.Input/src/Broiler.Input.Text/Broiler.Input.Text.csproj" />
    <Project Path="Broiler.Input/src/Broiler.Input.Touch.Android/Broiler.Input.Touch.Android.csproj" />
    <Project Path="Broiler.Input/src/Broiler.Input.Touch/Broiler.Input.Touch.csproj" />
    <Project Path="Broiler.Input/src/Broiler.Input/Broiler.Input.csproj" />
  </Folder>
  <Folder Name="/Dependencies/Broiler.JS/">
    <Project Path="Broiler.JS/Broiler.DateTime/src/Broiler.DateTime/Broiler.DateTime.csproj" />
    <Project Path="Broiler.JS/Broiler.JS/Broiler.JavaScript.All/Broiler.JavaScript.All.csproj" />
    <Project Path="Broiler.JS/Broiler.JS/Broiler.JavaScript.Ast/Broiler.JavaScript.Ast.csproj" />
    <Project Path="Broiler.JS/Broiler.JS/Broiler.JavaScript.BuiltIns/Broiler.JavaScript.BuiltIns.csproj" />
    <Project Path="Broiler.JS/Broiler.JS/Broiler.JavaScript.Clr/Broiler.JavaScript.Clr.csproj" />
    <Project Path="Broiler.JS/Broiler.JS/Broiler.JavaScript.Compiler/Broiler.JavaScript.Compiler.csproj" />
    <Project Path="Broiler.JS/Broiler.JS/Broiler.JavaScript.Debugger/Broiler.JavaScript.Debugger.csproj" />
    <Project Path="Broiler.JS/Broiler.JS/Broiler.JavaScript.Engine/Broiler.JavaScript.Engine.csproj" />
    <Project Path="Broiler.JS/Broiler.JS/Broiler.JavaScript.ExpressionCompiler/Broiler.JavaScript.ExpressionCompiler.csproj" />
    <Project Path="Broiler.JS/Broiler.JS/Broiler.JavaScript.Expressions/Broiler.JavaScript.Expressions.csproj" />
    <Project Path="Broiler.JS/Broiler.JS/Broiler.JavaScript.Extensions/Broiler.JavaScript.Extensions.csproj" />
    <Project Path="Broiler.JS/Broiler.JS/Broiler.JavaScript.Globals/Broiler.JavaScript.Globals.csproj" />
    <Project Path="Broiler.JS/Broiler.JS/Broiler.JavaScript.JSClassGenerator/Broiler.JavaScript.JSClassGenerator.csproj" />
    <Project Path="Broiler.JS/Broiler.JS/Broiler.JavaScript.LinqExpressions/Broiler.JavaScript.LinqExpressions.csproj" />
    <Project Path="Broiler.JS/Broiler.JS/Broiler.JavaScript.ModuleExtensions/Broiler.JavaScript.ModuleExtensions.csproj" />
    <Project Path="Broiler.JS/Broiler.JS/Broiler.JavaScript.Modules/Broiler.JavaScript.Modules.csproj" />
    <Project Path="Broiler.JS/Broiler.JS/Broiler.JavaScript.Parser/Broiler.JavaScript.Parser.csproj" />
    <Project Path="Broiler.JS/Broiler.JS/Broiler.JavaScript.Runtime/Broiler.JavaScript.Runtime.csproj" />
    <Project Path="Broiler.JS/Broiler.JS/Broiler.JavaScript.Storage/Broiler.JavaScript.Storage.csproj" />
    <Project Path="Broiler.JS/Broiler.Regex/Broiler.Regex/Broiler.Regex.csproj" />
    <Project Path="Broiler.JS/Broiler.Unicode/src/UnicodeCldr.LocaleData/UnicodeCldr.LocaleData.csproj" />
    <Project Path="Broiler.JS/Broiler.Unicode/src/UnicodeEmoji.StringProperties/UnicodeEmoji.StringProperties.csproj" />
    <Project Path="Broiler.JS/Broiler.Unicode/src/UnicodeProperties/UnicodeProperties.csproj" />
  </Folder>
  <Folder Name="/Dependencies/Broiler.Layout/">
    <Project Path="Broiler.Layout/Broiler.Layout/Broiler.Layout.csproj" />
  </Folder>
  <Folder Name="/Dependencies/Broiler.Media/">
    <Project Path="Broiler.Media/src/Broiler.Media.Image.Managed/Broiler.Media.Image.Managed.csproj" />
    <Project Path="Broiler.Media/src/Broiler.Media.Image/Broiler.Media.Image.csproj" />
    <Project Path="Broiler.Media/src/Broiler.Media/Broiler.Media.csproj" />
  </Folder>
  <Folder Name="/Dependencies/Broiler.UI/">
    <Project Path="Broiler.UI/src/Abstractions/Commands/Broiler.UI.Button/Broiler.UI.Button.csproj" />
    <Project Path="Broiler.UI/src/Abstractions/Commands/Broiler.UI.Toolbar/Broiler.UI.Toolbar.csproj" />
    <Project Path="Broiler.UI/src/Abstractions/Content/Broiler.UI.Label/Broiler.UI.Label.csproj" />
    <Project Path="Broiler.UI/src/Abstractions/Layout/Broiler.UI.Panel/Broiler.UI.Panel.csproj" />
    <Project Path="Broiler.UI/src/Abstractions/Shell/Broiler.UI.Dialog/Broiler.UI.Dialog.csproj" />
    <Project Path="Broiler.UI/src/Abstractions/Shell/Broiler.UI.FileDialog/Broiler.UI.FileDialog.csproj" />
    <Project Path="Broiler.UI/src/Abstractions/Shell/Broiler.UI.Window/Broiler.UI.Window.csproj" />
    <Project Path="Broiler.UI/src/Abstractions/Text/Broiler.UI.Edit/Broiler.UI.Edit.csproj" />
    <Project Path="Broiler.UI/src/Abstractions/ValueAndSelection/Broiler.UI.CheckBox/Broiler.UI.CheckBox.csproj" />
    <Project Path="Broiler.UI/src/Abstractions/ValueAndSelection/Broiler.UI.ComboBox/Broiler.UI.ComboBox.csproj" />
    <Project Path="Broiler.UI/src/Abstractions/ValueAndSelection/Broiler.UI.ListView/Broiler.UI.ListView.csproj" />
    <Project Path="Broiler.UI/src/Abstractions/ValueAndSelection/Broiler.UI.RadioButton/Broiler.UI.RadioButton.csproj" />
    <Project Path="Broiler.UI/src/Foundation/Broiler.UI.Standard/Broiler.UI.Standard.csproj" />
    <Project Path="Broiler.UI/src/Foundation/Broiler.UI/Broiler.UI.csproj" />
    <Project Path="Broiler.UI/src/Implementations/Standard/Commands/Broiler.UI.Button.Standard/Broiler.UI.Button.Standard.csproj" />
    <Project Path="Broiler.UI/src/Implementations/Standard/Commands/Broiler.UI.Toolbar.Standard/Broiler.UI.Toolbar.Standard.csproj" />
    <Project Path="Broiler.UI/src/Implementations/Standard/Content/Broiler.UI.Label.Standard/Broiler.UI.Label.Standard.csproj" />
    <Project Path="Broiler.UI/src/Implementations/Standard/Layout/Broiler.UI.Panel.Standard/Broiler.UI.Panel.Standard.csproj" />
    <Project Path="Broiler.UI/src/Implementations/Standard/Shell/Broiler.UI.Dialog.Standard/Broiler.UI.Dialog.Standard.csproj" />
    <Project Path="Broiler.UI/src/Implementations/Standard/Shell/Broiler.UI.FileDialog.Standard/Broiler.UI.FileDialog.Standard.csproj" />
    <Project Path="Broiler.UI/src/Implementations/Standard/Shell/Broiler.UI.Window.Standard/Broiler.UI.Window.Standard.csproj" />
    <Project Path="Broiler.UI/src/Implementations/Standard/Text/Broiler.UI.Edit.Standard/Broiler.UI.Edit.Standard.csproj" />
    <Project Path="Broiler.UI/src/Implementations/Standard/ValueAndSelection/Broiler.UI.CheckBox.Standard/Broiler.UI.CheckBox.Standard.csproj" />
    <Project Path="Broiler.UI/src/Implementations/Standard/ValueAndSelection/Broiler.UI.ComboBox.Standard/Broiler.UI.ComboBox.Standard.csproj" />
    <Project Path="Broiler.UI/src/Implementations/Standard/ValueAndSelection/Broiler.UI.ListView.Standard/Broiler.UI.ListView.Standard.csproj" />
    <Project Path="Broiler.UI/src/Implementations/Standard/ValueAndSelection/Broiler.UI.RadioButton.Standard/Broiler.UI.RadioButton.Standard.csproj" />
  </Folder>
  <Folder Name="/Dependencies/src/">
    <Project Path="src/Broiler.App.Android/Broiler.App.Android.csproj" />
    <Project Path="src/Broiler.Browser.Core/Broiler.Browser.Core.csproj" />
    <Project Path="src/Broiler.HtmlBridge.Core/Broiler.HtmlBridge.Core.csproj" />
    <Project Path="src/Broiler.HtmlBridge.Dom/Broiler.HtmlBridge.Dom.csproj" />
    <Project Path="src/Broiler.HtmlBridge.Scripting/Broiler.HtmlBridge.Scripting.csproj" />
  </Folder>
</Solution>
