<Solution>
  <!-- Generated from eng/solutions.json by scripts/update-solutions.ps1. -->
  <Configurations>
    <BuildType Name="Debug" />
    <BuildType Name="Release" />
    <BuildType Name="Debug-VM" />
    <BuildType Name="Release-VM" />
  </Configurations>
  <Folder Name="/Entry points/">
    <Project Path="src/Broiler.Browser.Core.Tests/Broiler.Browser.Core.Tests.csproj" />
  </Folder>
  <Folder Name="/Dependencies/Broiler.JS/">
    <Project Path="Broiler.JS/Broiler.DateTime/src/Broiler.DateTime/Broiler.DateTime.csproj" />
    <Project Path="Broiler.JS/Broiler.JS/Broiler.JavaScript.All/Broiler.JavaScript.All.csproj" />
    <Project Path="Broiler.JS/Broiler.JS/Broiler.JavaScript.Ast/Broiler.JavaScript.Ast.csproj" />
    <Project Path="Broiler.JS/Broiler.JS/Broiler.JavaScript.BuiltIns/Broiler.JavaScript.BuiltIns.csproj" />
    <Project Path="Broiler.JS/Broiler.JS/Broiler.JavaScript.Clr/Broiler.JavaScript.Clr.csproj" />
    <Project Path="Broiler.JS/Broiler.JS/Broiler.JavaScript.Compiler/Broiler.JavaScript.Compiler.csproj" />
    <Project Path="Broiler.JS/Broiler.JS/Broiler.JavaScript.Debugger/Broiler.JavaScript.Debugger.csproj" />
    <Project Path="Broiler.JS/Broiler.JS/Broiler.JavaScript.Engine/Broiler.JavaScript.Engine.csproj" />
    <Project Path="Broiler.JS/Broiler.JS/Broiler.JavaScript.ExpressionCompiler/Broiler.JavaScript.ExpressionCompiler.csproj" />
    <Project Path="Broiler.JS/Broiler.JS/Broiler.JavaScript.Expressions/Broiler.JavaScript.Expressions.csproj" />
    <Project Path="Broiler.JS/Broiler.JS/Broiler.JavaScript.Extensions/Broiler.JavaScript.Extensions.csproj" />
    <Project Path="Broiler.JS/Broiler.JS/Broiler.JavaScript.Globals/Broiler.JavaScript.Globals.csproj" />
    <Project Path="Broiler.JS/Broiler.JS/Broiler.JavaScript.JSClassGenerator/Broiler.JavaScript.JSClassGenerator.csproj" />
    <Project Path="Broiler.JS/Broiler.JS/Broiler.JavaScript.LinqExpressions/Broiler.JavaScript.LinqExpressions.csproj" />
    <Project Path="Broiler.JS/Broiler.JS/Broiler.JavaScript.ModuleExtensions/Broiler.JavaScript.ModuleExtensions.csproj" />
    <Project Path="Broiler.JS/Broiler.JS/Broiler.JavaScript.Modules/Broiler.JavaScript.Modules.csproj" />
    <Project Path="Broiler.JS/Broiler.JS/Broiler.JavaScript.Parser/Broiler.JavaScript.Parser.csproj" />
    <Project Path="Broiler.JS/Broiler.JS/Broiler.JavaScript.Runtime/Broiler.JavaScript.Runtime.csproj" />
    <Project Path="Broiler.JS/Broiler.JS/Broiler.JavaScript.Storage/Broiler.JavaScript.Storage.csproj" />
    <Project Path="Broiler.JS/Broiler.Regex/Broiler.Regex/Broiler.Regex.csproj" />
    <Project Path="Broiler.JS/Broiler.Unicode/src/UnicodeCldr.LocaleData/UnicodeCldr.LocaleData.csproj" />
    <Project Path="Broiler.JS/Broiler.Unicode/src/UnicodeEmoji.StringProperties/UnicodeEmoji.StringProperties.csproj" />
    <Project Path="Broiler.JS/Broiler.Unicode/src/UnicodeProperties/UnicodeProperties.csproj" />
  </Folder>
  <Folder Name="/Dependencies/Broiler.VM/">
    <Project Path="Broiler.VM/src/Broiler.VM.Abstractions/Broiler.VM.Abstractions.csproj" />
    <Project Path="Broiler.VM/src/Broiler.VM.Binary/Broiler.VM.Binary.csproj" />
    <Project Path="Broiler.VM/src/Broiler.VM.Profile.JavaScript.Compiler/Broiler.VM.Profile.JavaScript.Compiler.csproj" />
    <Project Path="Broiler.VM/src/Broiler.VM.Profile.JavaScript.Format/Broiler.VM.Profile.JavaScript.Format.csproj" />
    <Project Path="Broiler.VM/src/Broiler.VM.Profile.JavaScript/Broiler.VM.Profile.JavaScript.csproj" />
    <Project Path="Broiler.VM/src/Broiler.VM.Runtime/Broiler.VM.Runtime.csproj" />
  </Folder>
  <Folder Name="/Dependencies/src/">
    <Project Path="src/Broiler.Browser.Core/Broiler.Browser.Core.csproj" />
    <Project Path="src/Broiler.HtmlBridge.Core/Broiler.HtmlBridge.Core.csproj" />
    <Project Path="src/Broiler.HtmlBridge.Dom/Broiler.HtmlBridge.Dom.csproj" />
    <Project Path="src/Broiler.HtmlBridge.Jseal.BroilerJs/Broiler.HtmlBridge.Jseal.BroilerJs.csproj" />
    <Project Path="src/Broiler.HtmlBridge.Jseal.Vm/Broiler.HtmlBridge.Jseal.Vm.csproj" />
    <Project Path="src/Broiler.HtmlBridge.Jseal/Broiler.HtmlBridge.Jseal.csproj" />
    <Project Path="src/Broiler.HtmlBridge.Scripting.Vm/Broiler.HtmlBridge.Scripting.Vm.csproj" />
    <Project Path="src/Broiler.HtmlBridge.Scripting/Broiler.HtmlBridge.Scripting.csproj" />
  </Folder>
</Solution>
